
Microsoft Visual Studio Solution File, Format Version 12.00
# Visual Studio Version 17
VisualStudioVersion = 17.8.34525.116
MinimumVisualStudioVersion = 10.0.40219.1
Project("{FAE04EC0-301F-11D3-BF4B-00C04F79EFBC}") = "app_datgridview", "app_datgridview\app_datgridview.csproj", "{105793FB-F86E-419B-A599-0D6D59D514C9}"
EndProject
Global
	GlobalSection(SolutionConfigurationPlatforms) = preSolution
		Debug|Any CPU = Debug|Any CPU
		Release|Any CPU = Release|Any CPU
	EndGlobalSection
	GlobalSection(ProjectConfigurationPlatforms) = postSolution
		{105793FB-F86E-419B-A599-0D6D59D514C9}.Debug|Any CPU.ActiveCfg = Debug|Any CPU
		{105793FB-F86E-419B-A599-0D6D59D514C9}.Debug|Any CPU.Build.0 = Debug|Any CPU
		{105793FB-F86E-419B-A599-0D6D59D514C9}.Release|Any CPU.ActiveCfg = Release|Any CPU
		{105793FB-F86E-419B-A599-0D6D59D514C9}.Release|Any CPU.Build.0 = Release|Any CPU
	EndGlobalSection
	GlobalSection(SolutionProperties) = preSolution
		HideSolutionNode = FALSE
	EndGlobalSection
	GlobalSection(ExtensibilityGlobals) = postSolution
		SolutionGuid = {C38E2FC9-D189-4773-B7FD-184C8BBFC35D}
	EndGlobalSection
EndGlobal
